
Microsoft Visual Studio Solution File, Format Version 12.00
# Visual Studio Version 16
VisualStudioVersion = 16.0.28803.156
MinimumVisualStudioVersion = 10.0.40219.1
Project("{FAE04EC0-301F-11D3-BF4B-00C04F79EFBC}") = "SyncLoop", "SyncLoop\SyncLoop.csproj", "{3AF1CA2B-BBB2-4130-802A-2563DB9CF388}"
EndProject
Project("{FAE04EC0-301F-11D3-BF4B-00C04F79EFBC}") = "SyncLoopLibrary", "SyncLoopLibrary\SyncLoopLibrary.csproj", "{6EAB1CF5-7824-43AD-ADD6-2B307E76BE85}"
EndProject
Global
	GlobalSection(SolutionConfigurationPlatforms) = preSolution
		Debug|Any CPU = Debug|Any CPU
		Release|Any CPU = Release|Any CPU
	EndGlobalSection
	GlobalSection(ProjectConfigurationPlatforms) = postSolution
		{3AF1CA2B-BBB2-4130-802A-2563DB9CF388}.Debug|Any CPU.ActiveCfg = Debug|Any CPU
		{3AF1CA2B-BBB2-4130-802A-2563DB9CF388}.Debug|Any CPU.Build.0 = Debug|Any CPU
		{3AF1CA2B-BBB2-4130-802A-2563DB9CF388}.Release|Any CPU.ActiveCfg = Release|Any CPU
		{3AF1CA2B-BBB2-4130-802A-2563DB9CF388}.Release|Any CPU.Build.0 = Release|Any CPU
		{6EAB1CF5-7824-43AD-ADD6-2B307E76BE85}.Debug|Any CPU.ActiveCfg = Debug|Any CPU
		{6EAB1CF5-7824-43AD-ADD6-2B307E76BE85}.Debug|Any CPU.Build.0 = Debug|Any CPU
		{6EAB1CF5-7824-43AD-ADD6-2B307E76BE85}.Release|Any CPU.ActiveCfg = Release|Any CPU
		{6EAB1CF5-7824-43AD-ADD6-2B307E76BE85}.Release|Any CPU.Build.0 = Release|Any CPU
	EndGlobalSection
	GlobalSection(SolutionProperties) = preSolution
		HideSolutionNode = FALSE
	EndGlobalSection
	GlobalSection(ExtensibilityGlobals) = postSolution
		SolutionGuid = {BB9958DF-C64E-4489-8AB0-B98DE1F15C73}
	EndGlobalSection
EndGlobal
